
Microsoft Visual Studio Solution File, Format Version 12.00
# Visual Studio Version 16
VisualStudioVersion = 25.0.1705.0
MinimumVisualStudioVersion = 10.0.40219.1
Project("{FAE04EC0-301F-11D3-BF4B-00C04F79EFBC}") = "BICE-API", "BICE-API\BICE-API.csproj", "{03868E16-2731-4A14-BDE0-CB52DEFF15DC}"
EndProject
Global
	GlobalSection(SolutionConfigurationPlatforms) = preSolution
		Debug|Any CPU = Debug|Any CPU
		Release|Any CPU = Release|Any CPU
	EndGlobalSection
	GlobalSection(ProjectConfigurationPlatforms) = postSolution
		{03868E16-2731-4A14-BDE0-CB52DEFF15DC}.Debug|Any CPU.ActiveCfg = Debug|Any CPU
		{03868E16-2731-4A14-BDE0-CB52DEFF15DC}.Debug|Any CPU.Build.0 = Debug|Any CPU
		{03868E16-2731-4A14-BDE0-CB52DEFF15DC}.Release|Any CPU.ActiveCfg = Release|Any CPU
		{03868E16-2731-4A14-BDE0-CB52DEFF15DC}.Release|Any CPU.Build.0 = Release|Any CPU
	EndGlobalSection
	GlobalSection(SolutionProperties) = preSolution
		HideSolutionNode = FALSE
	EndGlobalSection
	GlobalSection(ExtensibilityGlobals) = postSolution
		SolutionGuid = {26EF05C6-1A16-4B08-9964-698EF70D8932}
	EndGlobalSection
EndGlobal
